
Microsoft Visual Studio Solution File, Format Version 12.00
# Visual Studio Version 16
VisualStudioVersion = 16.0.30717.126
MinimumVisualStudioVersion = 10.0.40219.1
Project("{FAE04EC0-301F-11D3-BF4B-00C04F79EFBC}") = "Clock", "Clock\Clock.csproj", "{3B620CDE-1174-4997-BC44-400298EF8D81}"
EndProject
Project("{54435603-DBB4-11D2-8724-00A0C9A8B90C}") = "Bebi Clock", "Bebi Clock\Bebi Clock.vdproj", "{8ED3D21A-0502-4F79-AEE0-B3D4D9759B77}"
EndProject
Global
	GlobalSection(SolutionConfigurationPlatforms) = preSolution
		Debug|Any CPU = Debug|Any CPU
		Debug|x64 = Debug|x64
		Release|Any CPU = Release|Any CPU
		Release|x64 = Release|x64
	EndGlobalSection
	GlobalSection(ProjectConfigurationPlatforms) = postSolution
		{3B620CDE-1174-4997-BC44-400298EF8D81}.Debug|Any CPU.ActiveCfg = Debug|Any CPU
		{3B620CDE-1174-4997-BC44-400298EF8D81}.Debug|Any CPU.Build.0 = Debug|Any CPU
		{3B620CDE-1174-4997-BC44-400298EF8D81}.Debug|x64.ActiveCfg = Debug|x64
		{3B620CDE-1174-4997-BC44-400298EF8D81}.Debug|x64.Build.0 = Debug|x64
		{3B620CDE-1174-4997-BC44-400298EF8D81}.Release|Any CPU.ActiveCfg = Release|Any CPU
		{3B620CDE-1174-4997-BC44-400298EF8D81}.Release|Any CPU.Build.0 = Release|Any CPU
		{3B620CDE-1174-4997-BC44-400298EF8D81}.Release|x64.ActiveCfg = Release|x64
		{3B620CDE-1174-4997-BC44-400298EF8D81}.Release|x64.Build.0 = Release|x64
		{8ED3D21A-0502-4F79-AEE0-B3D4D9759B77}.Debug|Any CPU.ActiveCfg = Debug
		{8ED3D21A-0502-4F79-AEE0-B3D4D9759B77}.Debug|x64.ActiveCfg = Debug
		{8ED3D21A-0502-4F79-AEE0-B3D4D9759B77}.Release|Any CPU.ActiveCfg = Release
		{8ED3D21A-0502-4F79-AEE0-B3D4D9759B77}.Release|x64.ActiveCfg = Release
	EndGlobalSection
	GlobalSection(SolutionProperties) = preSolution
		HideSolutionNode = FALSE
	EndGlobalSection
	GlobalSection(ExtensibilityGlobals) = postSolution
		SolutionGuid = {82168C0D-7BB5-4DCB-BA70-CB2D48629A7B}
	EndGlobalSection
EndGlobal
